
Microsoft Visual Studio Solution File, Format Version 12.00
# Visual Studio Version 17
VisualStudioVersion = 17.8.34408.163
MinimumVisualStudioVersion = 10.0.40219.1
Project("{FAE04EC0-301F-11D3-BF4B-00C04F79EFBC}") = "TMS", "TMS\TMS.csproj", "{7B19F5B6-FA36-4854-8299-00FA6D954560}"
EndProject
Global
	GlobalSection(SolutionConfigurationPlatforms) = preSolution
		Debug|Any CPU = Debug|Any CPU
		Release|Any CPU = Release|Any CPU
	EndGlobalSection
	GlobalSection(ProjectConfigurationPlatforms) = postSolution
		{7B19F5B6-FA36-4854-8299-00FA6D954560}.Debug|Any CPU.ActiveCfg = Debug|Any CPU
		{7B19F5B6-FA36-4854-8299-00FA6D954560}.Debug|Any CPU.Build.0 = Debug|Any CPU
		{7B19F5B6-FA36-4854-8299-00FA6D954560}.Release|Any CPU.ActiveCfg = Release|Any CPU
		{7B19F5B6-FA36-4854-8299-00FA6D954560}.Release|Any CPU.Build.0 = Release|Any CPU
	EndGlobalSection
	GlobalSection(SolutionProperties) = preSolution
		HideSolutionNode = FALSE
	EndGlobalSection
	GlobalSection(ExtensibilityGlobals) = postSolution
		SolutionGuid = {53F94AC0-6503-4AD2-973A-7740A95F2539}
	EndGlobalSection
EndGlobal
